
Microsoft Visual Studio Solution File, Format Version 12.00
# Visual Studio Version 16
VisualStudioVersion = 16.0.31624.102
MinimumVisualStudioVersion = 10.0.40219.1
Project("{FAE04EC0-301F-11D3-BF4B-00C04F79EFBC}") = "eShopSolution.WebApp", "eShopSolution.WebApp\eShopSolution.WebApp.csproj", "{00E87855-4755-4422-86AC-E3B9F301CC89}"
EndProject
Project("{2150E333-8FDC-42A3-9474-1A3956D46DE8}") = "Solution Items", "Solution Items", "{21BE55A1-9DC8-4ABF-89C9-580B94BA3AF0}"
	ProjectSection(SolutionItems) = preProject
		README.md = README.md
	EndProjectSection
EndProject
Project("{FAE04EC0-301F-11D3-BF4B-00C04F79EFBC}") = "eShopSolution.Data", "eShopSolution.Data\eShopSolution.Data.csproj", "{EBB81933-FD28-4157-9523-A2D2EEEFE3C5}"
EndProject
Project("{FAE04EC0-301F-11D3-BF4B-00C04F79EFBC}") = "eShopSolution.Application", "eShopSolution.Application\eShopSolution.Application.csproj", "{77A2F069-C1C0-4199-979A-8C0C08F1C76E}"
EndProject
Global
	GlobalSection(SolutionConfigurationPlatforms) = preSolution
		Debug|Any CPU = Debug|Any CPU
		Release|Any CPU = Release|Any CPU
	EndGlobalSection
	GlobalSection(ProjectConfigurationPlatforms) = postSolution
		{00E87855-4755-4422-86AC-E3B9F301CC89}.Debug|Any CPU.ActiveCfg = Debug|Any CPU
		{00E87855-4755-4422-86AC-E3B9F301CC89}.Debug|Any CPU.Build.0 = Debug|Any CPU
		{00E87855-4755-4422-86AC-E3B9F301CC89}.Release|Any CPU.ActiveCfg = Release|Any CPU
		{00E87855-4755-4422-86AC-E3B9F301CC89}.Release|Any CPU.Build.0 = Release|Any CPU
		{EBB81933-FD28-4157-9523-A2D2EEEFE3C5}.Debug|Any CPU.ActiveCfg = Debug|Any CPU
		{EBB81933-FD28-4157-9523-A2D2EEEFE3C5}.Debug|Any CPU.Build.0 = Debug|Any CPU
		{EBB81933-FD28-4157-9523-A2D2EEEFE3C5}.Release|Any CPU.ActiveCfg = Release|Any CPU
		{EBB81933-FD28-4157-9523-A2D2EEEFE3C5}.Release|Any CPU.Build.0 = Release|Any CPU
		{77A2F069-C1C0-4199-979A-8C0C08F1C76E}.Debug|Any CPU.ActiveCfg = Debug|Any CPU
		{77A2F069-C1C0-4199-979A-8C0C08F1C76E}.Debug|Any CPU.Build.0 = Debug|Any CPU
		{77A2F069-C1C0-4199-979A-8C0C08F1C76E}.Release|Any CPU.ActiveCfg = Release|Any CPU
		{77A2F069-C1C0-4199-979A-8C0C08F1C76E}.Release|Any CPU.Build.0 = Release|Any CPU
	EndGlobalSection
	GlobalSection(SolutionProperties) = preSolution
		HideSolutionNode = FALSE
	EndGlobalSection
	GlobalSection(ExtensibilityGlobals) = postSolution
		SolutionGuid = {88930FB3-F9DC-40AB-8042-3531F104EA1A}
	EndGlobalSection
EndGlobal
